<?xml version="1.0" encoding="utf-8"?>
<Project ToolsVersion="4.0" xmlns="http://schemas.microsoft.com/developer/msbuild/2003">
  <ItemGroup>
    <Filter Include="Source Files">
      <UniqueIdentifier>{4FC737F1-C7A5-4376-A066-2A32D752A2FF}</UniqueIdentifier>
      <Extensions>cpp;c;cc;cxx;def;odl;idl;hpj;bat;asm;asmx</Extensions>
    </Filter>
    <Filter Include="Header Files">
      <UniqueIdentifier>{93995380-89BD-4b04-88EB-625FBE52EBFB}</UniqueIdentifier>
      <Extensions>h;hh;hpp;hxx;hm;inl;inc;xsd</Extensions>
    </Filter>
    <Filter Include="Resource Files">
      <UniqueIdentifier>{67DA6AB6-F800-4c08-8B7A-83BB121AAD01}</UniqueIdentifier>
      <Extensions>rc;ico;cur;bmp;dlg;rc2;rct;bin;rgs;gif;jpg;jpeg;jpe;resx;tiff;tif;png;wav;mfcribbon-ms</Extensions>
    </Filter>
  </ItemGroup>
  <ItemGroup>
    <ClCompile Include="SM_GE3222M V1.0.ino" />
    <ClCompile Include="config.cpp">
      <Filter>Source Files</Filter>
    </ClCompile>
    <ClCompile Include="config.h">
      <Filter>Header Files</Filter>
    </ClCompile>
    <ClCompile Include="Debug.cpp">
      <Filter>Source Files</Filter>
    </ClCompile>
    <ClCompile Include="Debug.h">
      <Filter>Header Files</Filter>
    </ClCompile>
    <ClCompile Include="Definitions.h">
      <Filter>Header Files</Filter>
    </ClCompile>
    <ClCompile Include="EEPROM_Defs.h">
      <Filter>Header Files</Filter>
    </ClCompile>
    <ClCompile Include="emonesp.h">
      <Filter>Header Files</Filter>
    </ClCompile>
    <ClCompile Include="EnergyATM90E36.cpp">
      <Filter>Source Files</Filter>
    </ClCompile>
    <ClCompile Include="EnergyATM90E36.h">
      <Filter>Header Files</Filter>
    </ClCompile>
    <ClCompile Include="Ethernet_Interface.ino" />
    <ClCompile Include="GE3222M_Hardware V1.ino" />
    <ClCompile Include="Modbus_Defs.h">
      <Filter>Header Files</Filter>
    </ClCompile>
    <ClCompile Include="Modbus_Serial.cpp">
      <Filter>Source Files</Filter>
    </ClCompile>
    <ClCompile Include="Modbus_Serial.h">
      <Filter>Header Files</Filter>
    </ClCompile>
    <ClCompile Include="profile.h">
      <Filter>Header Files</Filter>
    </ClCompile>
    <ClCompile Include="ReadEnergy.ino" />
    <ClCompile Include="Settings.ino" />
    <ClCompile Include="Webpage.ino" />
    <ClCompile Include="WiFi_OTA.cpp">
      <Filter>Source Files</Filter>
    </ClCompile>
    <ClCompile Include="WiFi_OTA.h">
      <Filter>Header Files</Filter>
    </ClCompile>
  </ItemGroup>
  <ItemGroup>
    <ClInclude Include="__vm\.SM_GE3222M V1.0.vsarduino.h">
      <Filter>Header Files</Filter>
    </ClInclude>
  </ItemGroup>
</Project>